
Microsoft Visual Studio Solution File, Format Version 12.00
# Visual Studio Version 16
VisualStudioVersion = 16.0.31019.35
MinimumVisualStudioVersion = 10.0.40219.1
Project("{9A19103F-16F7-4668-BE54-9A1E7A4F7556}") = "KwetterAuthenticationService", "KwetterAuthenticationService\KwetterAuthenticationService.csproj", "{731E0A0F-3805-44B5-9E8D-71CDFDD5490A}"
EndProject
Project("{9A19103F-16F7-4668-BE54-9A1E7A4F7556}") = "Models", "Models\Models.csproj", "{B1552356-2C44-435F-B4F1-5FD92778EE7E}"
EndProject
Project("{9A19103F-16F7-4668-BE54-9A1E7A4F7556}") = "Logic", "Logic\Logic.csproj", "{485EB0E9-98EF-4ADB-BA8F-CB9F7A4533A0}"
EndProject
Project("{9A19103F-16F7-4668-BE54-9A1E7A4F7556}") = "DataAccesLayer", "DataAccesLayer\DataAccesLayer.csproj", "{17EFC2A9-85F5-46FE-92DD-F8DD09141EA0}"
EndProject
Global
	GlobalSection(SolutionConfigurationPlatforms) = preSolution
		Debug|Any CPU = Debug|Any CPU
		Release|Any CPU = Release|Any CPU
	EndGlobalSection
	GlobalSection(ProjectConfigurationPlatforms) = postSolution
		{731E0A0F-3805-44B5-9E8D-71CDFDD5490A}.Debug|Any CPU.ActiveCfg = Debug|Any CPU
		{731E0A0F-3805-44B5-9E8D-71CDFDD5490A}.Debug|Any CPU.Build.0 = Debug|Any CPU
		{731E0A0F-3805-44B5-9E8D-71CDFDD5490A}.Release|Any CPU.ActiveCfg = Release|Any CPU
		{731E0A0F-3805-44B5-9E8D-71CDFDD5490A}.Release|Any CPU.Build.0 = Release|Any CPU
		{B1552356-2C44-435F-B4F1-5FD92778EE7E}.Debug|Any CPU.ActiveCfg = Debug|Any CPU
		{B1552356-2C44-435F-B4F1-5FD92778EE7E}.Debug|Any CPU.Build.0 = Debug|Any CPU
		{B1552356-2C44-435F-B4F1-5FD92778EE7E}.Release|Any CPU.ActiveCfg = Release|Any CPU
		{B1552356-2C44-435F-B4F1-5FD92778EE7E}.Release|Any CPU.Build.0 = Release|Any CPU
		{485EB0E9-98EF-4ADB-BA8F-CB9F7A4533A0}.Debug|Any CPU.ActiveCfg = Debug|Any CPU
		{485EB0E9-98EF-4ADB-BA8F-CB9F7A4533A0}.Debug|Any CPU.Build.0 = Debug|Any CPU
		{485EB0E9-98EF-4ADB-BA8F-CB9F7A4533A0}.Release|Any CPU.ActiveCfg = Release|Any CPU
		{485EB0E9-98EF-4ADB-BA8F-CB9F7A4533A0}.Release|Any CPU.Build.0 = Release|Any CPU
		{17EFC2A9-85F5-46FE-92DD-F8DD09141EA0}.Debug|Any CPU.ActiveCfg = Debug|Any CPU
		{17EFC2A9-85F5-46FE-92DD-F8DD09141EA0}.Debug|Any CPU.Build.0 = Debug|Any CPU
		{17EFC2A9-85F5-46FE-92DD-F8DD09141EA0}.Release|Any CPU.ActiveCfg = Release|Any CPU
		{17EFC2A9-85F5-46FE-92DD-F8DD09141EA0}.Release|Any CPU.Build.0 = Release|Any CPU
	EndGlobalSection
	GlobalSection(SolutionProperties) = preSolution
		HideSolutionNode = FALSE
	EndGlobalSection
	GlobalSection(ExtensibilityGlobals) = postSolution
		SolutionGuid = {36E75F67-277E-45D3-8E05-9A23CDA96FEE}
	EndGlobalSection
EndGlobal
